
Microsoft Visual Studio Solution File, Format Version 12.00
# Visual Studio 16
Project("{FAE04EC0-301F-11D3-BF4B-00C04F79EFBC}") = "Assembly-CSharp", "Assembly-CSharp.csproj", "{B7A18FAA-2ADC-6DA1-1EAC-1EA8E3D57DA8}"
EndProject
Project("{FAE04EC0-301F-11D3-BF4B-00C04F79EFBC}") = "MacBLAS", "MacBLAS.csproj", "{46B6461C-7446-15BA-80BA-05E037D62C4B}"
EndProject
Project("{FAE04EC0-301F-11D3-BF4B-00C04F79EFBC}") = "iOSBLAS", "iOSBLAS.csproj", "{44976490-F83A-B391-6D08-22B79B8FDA5B}"
EndProject
Project("{FAE04EC0-301F-11D3-BF4B-00C04F79EFBC}") = "Assembly-CSharp-Editor", "Assembly-CSharp-Editor.csproj", "{81FAD0EA-CD94-CAE4-61FE-8AFF87FFDF26}"
EndProject
Project("{FAE04EC0-301F-11D3-BF4B-00C04F79EFBC}") = "Barracuda-editor", "Barracuda-editor.csproj", "{8EB382D0-208C-CBA1-4C51-A5E954FA99FF}"
EndProject
Global
	GlobalSection(SolutionConfigurationPlatforms) = preSolution
		Debug|Any CPU = Debug|Any CPU
		Release|Any CPU = Release|Any CPU
	EndGlobalSection
	GlobalSection(ProjectConfigurationPlatforms) = postSolution
		{B7A18FAA-2ADC-6DA1-1EAC-1EA8E3D57DA8}.Debug|Any CPU.ActiveCfg = Debug|Any CPU
		{B7A18FAA-2ADC-6DA1-1EAC-1EA8E3D57DA8}.Debug|Any CPU.Build.0 = Debug|Any CPU
		{B7A18FAA-2ADC-6DA1-1EAC-1EA8E3D57DA8}.Release|Any CPU.ActiveCfg = Release|Any CPU
		{B7A18FAA-2ADC-6DA1-1EAC-1EA8E3D57DA8}.Release|Any CPU.Build.0 = Release|Any CPU
		{46B6461C-7446-15BA-80BA-05E037D62C4B}.Debug|Any CPU.ActiveCfg = Debug|Any CPU
		{46B6461C-7446-15BA-80BA-05E037D62C4B}.Debug|Any CPU.Build.0 = Debug|Any CPU
		{46B6461C-7446-15BA-80BA-05E037D62C4B}.Release|Any CPU.ActiveCfg = Release|Any CPU
		{46B6461C-7446-15BA-80BA-05E037D62C4B}.Release|Any CPU.Build.0 = Release|Any CPU
		{44976490-F83A-B391-6D08-22B79B8FDA5B}.Debug|Any CPU.ActiveCfg = Debug|Any CPU
		{44976490-F83A-B391-6D08-22B79B8FDA5B}.Debug|Any CPU.Build.0 = Debug|Any CPU
		{44976490-F83A-B391-6D08-22B79B8FDA5B}.Release|Any CPU.ActiveCfg = Release|Any CPU
		{44976490-F83A-B391-6D08-22B79B8FDA5B}.Release|Any CPU.Build.0 = Release|Any CPU
		{81FAD0EA-CD94-CAE4-61FE-8AFF87FFDF26}.Debug|Any CPU.ActiveCfg = Debug|Any CPU
		{81FAD0EA-CD94-CAE4-61FE-8AFF87FFDF26}.Debug|Any CPU.Build.0 = Debug|Any CPU
		{81FAD0EA-CD94-CAE4-61FE-8AFF87FFDF26}.Release|Any CPU.ActiveCfg = Release|Any CPU
		{81FAD0EA-CD94-CAE4-61FE-8AFF87FFDF26}.Release|Any CPU.Build.0 = Release|Any CPU
		{8EB382D0-208C-CBA1-4C51-A5E954FA99FF}.Debug|Any CPU.ActiveCfg = Debug|Any CPU
		{8EB382D0-208C-CBA1-4C51-A5E954FA99FF}.Debug|Any CPU.Build.0 = Debug|Any CPU
		{8EB382D0-208C-CBA1-4C51-A5E954FA99FF}.Release|Any CPU.ActiveCfg = Release|Any CPU
		{8EB382D0-208C-CBA1-4C51-A5E954FA99FF}.Release|Any CPU.Build.0 = Release|Any CPU
	EndGlobalSection
	GlobalSection(SolutionProperties) = preSolution
		HideSolutionNode = FALSE
	EndGlobalSection
EndGlobal
